// !$*UTF8*$!
{
	archiveVersion = 1;
	classes = {
	};
	objectVersion = 56;
	objects = {

/* Begin PBXBuildFile section */
		548BD0052A5FBC5F00E7BD8E /* SideMenuView.swift in Sources */ = {isa = PBXBuildFile; fileRef = 548BD0042A5FBC5F00E7BD8E /* SideMenuView.swift */; };
		54CEE2ED2A5FDCB6002563A8 /* HomeView.swift in Sources */ = {isa = PBXBuildFile; fileRef = 54CEE2EC2A5FDCB6002563A8 /* HomeView.swift */; };
		54CEE2EF2A5FDCD6002563A8 /* DashboardView.swift in Sources */ = {isa = PBXBuildFile; fileRef = 54CEE2EE2A5FDCD6002563A8 /* DashboardView.swift */; };
		54CEE2F12A5FDCE5002563A8 /* HelpView.swift in Sources */ = {isa = PBXBuildFile; fileRef = 54CEE2F02A5FDCE5002563A8 /* HelpView.swift */; };
		54CEE2F32A5FDD11002563A8 /* LogoutView.swift in Sources */ = {isa = PBXBuildFile; fileRef = 54CEE2F22A5FDD11002563A8 /* LogoutView.swift */; };
		54CEE2F52A5FDD21002563A8 /* KeyView.swift in Sources */ = {isa = PBXBuildFile; fileRef = 54CEE2F42A5FDD21002563A8 /* KeyView.swift */; };
		54CEE2F92A600151002563A8 /* FileItem.swift in Sources */ = {isa = PBXBuildFile; fileRef = 54CEE2F82A600151002563A8 /* FileItem.swift */; };
		54EA4A7329F64B0B006E1DDE /* SwiftUIAppApp.swift in Sources */ = {isa = PBXBuildFile; fileRef = 54EA4A7229F64B0B006E1DDE /* SwiftUIAppApp.swift */; };
		54EA4A7529F64B0B006E1DDE /* ContentView.swift in Sources */ = {isa = PBXBuildFile; fileRef = 54EA4A7429F64B0B006E1DDE /* ContentView.swift */; };
		54EA4A7729F64B0C006E1DDE /* Assets.xcassets in Resources */ = {isa = PBXBuildFile; fileRef = 54EA4A7629F64B0C006E1DDE /* Assets.xcassets */; };
		54EA4A7A29F64B0C006E1DDE /* Preview Assets.xcassets in Resources */ = {isa = PBXBuildFile; fileRef = 54EA4A7929F64B0C006E1DDE /* Preview Assets.xcassets */; };
		54EA4A8429F64B0C006E1DDE /* SwiftUIAppTests.swift in Sources */ = {isa = PBXBuildFile; fileRef = 54EA4A8329F64B0C006E1DDE /* SwiftUIAppTests.swift */; };
		54EA4A8E29F64B0C006E1DDE /* SwiftUIAppUITests.swift in Sources */ = {isa = PBXBuildFile; fileRef = 54EA4A8D29F64B0C006E1DDE /* SwiftUIAppUITests.swift */; };
		54EA4A9029F64B0C006E1DDE /* SwiftUIAppUITestsLaunchTests.swift in Sources */ = {isa = PBXBuildFile; fileRef = 54EA4A8F29F64B0C006E1DDE /* SwiftUIAppUITestsLaunchTests.swift */; };
/* End PBXBuildFile section */

/* Begin PBXContainerItemProxy section */
		54EA4A8029F64B0C006E1DDE /* PBXContainerItemProxy */ = {
			isa = PBXContainerItemProxy;
			containerPortal = 54EA4A6729F64B0B006E1DDE /* Project object */;
			proxyType = 1;
			remoteGlobalIDString = 54EA4A6E29F64B0B006E1DDE;
			remoteInfo = SwiftUIApp;
		};
		54EA4A8A29F64B0C006E1DDE /* PBXContainerItemProxy */ = {
			isa = PBXContainerItemProxy;
			containerPortal = 54EA4A6729F64B0B006E1DDE /* Project object */;
			proxyType = 1;
			remoteGlobalIDString = 54EA4A6E29F64B0B006E1DDE;
			remoteInfo = SwiftUIApp;
		};
/* End PBXContainerItemProxy section */

/* Begin PBXFileReference section */
		548BD0042A5FBC5F00E7BD8E /* SideMenuView.swift */ = {isa = PBXFileReference; lastKnownFileType = sourcecode.swift; path = SideMenuView.swift; sourceTree = "<group>"; };
		54B114D92A2A135300E9E34B /* Info.plist */ = {isa = PBXFileReference; lastKnownFileType = text.plist; path = Info.plist; sourceTree = "<group>"; };
		54CEE2EC2A5FDCB6002563A8 /* HomeView.swift */ = {isa = PBXFileReference; lastKnownFileType = sourcecode.swift; path = HomeView.swift; sourceTree = "<group>"; };
		54CEE2EE2A5FDCD6002563A8 /* DashboardView.swift */ = {isa = PBXFileReference; lastKnownFileType = sourcecode.swift; path = DashboardView.swift; sourceTree = "<group>"; };
		54CEE2F02A5FDCE5002563A8 /* HelpView.swift */ = {isa = PBXFileReference; lastKnownFileType = sourcecode.swift; path = HelpView.swift; sourceTree = "<group>"; };
		54CEE2F22A5FDD11002563A8 /* LogoutView.swift */ = {isa = PBXFileReference; lastKnownFileType = sourcecode.swift; path = LogoutView.swift; sourceTree = "<group>"; };
		54CEE2F42A5FDD21002563A8 /* KeyView.swift */ = {isa = PBXFileReference; lastKnownFileType = sourcecode.swift; path = KeyView.swift; sourceTree = "<group>"; };
		54CEE2F82A600151002563A8 /* FileItem.swift */ = {isa = PBXFileReference; lastKnownFileType = sourcecode.swift; path = FileItem.swift; sourceTree = "<group>"; };
		54EA4A6F29F64B0B006E1DDE /* SwiftUIApp.app */ = {isa = PBXFileReference; explicitFileType = wrapper.application; includeInIndex = 0; path = SwiftUIApp.app; sourceTree = BUILT_PRODUCTS_DIR; };
		54EA4A7229F64B0B006E1DDE /* SwiftUIAppApp.swift */ = {isa = PBXFileReference; lastKnownFileType = sourcecode.swift; path = SwiftUIAppApp.swift; sourceTree = "<group>"; };
		54EA4A7429F64B0B006E1DDE /* ContentView.swift */ = {isa = PBXFileReference; lastKnownFileType = sourcecode.swift; path = ContentView.swift; sourceTree = "<group>"; };
		54EA4A7629F64B0C006E1DDE /* Assets.xcassets */ = {isa = PBXFileReference; lastKnownFileType = folder.assetcatalog; path = Assets.xcassets; sourceTree = "<group>"; };
		54EA4A7929F64B0C006E1DDE /* Preview Assets.xcassets */ = {isa = PBXFileReference; lastKnownFileType = folder.assetcatalog; path = "Preview Assets.xcassets"; sourceTree = "<group>"; };
		54EA4A7F29F64B0C006E1DDE /* SwiftUIAppTests.xctest */ = {isa = PBXFileReference; explicitFileType = wrapper.cfbundle; includeInIndex = 0; path = SwiftUIAppTests.xctest; sourceTree = BUILT_PRODUCTS_DIR; };
		54EA4A8329F64B0C006E1DDE /* SwiftUIAppTests.swift */ = {isa = PBXFileReference; lastKnownFileType = sourcecode.swift; path = SwiftUIAppTests.swift; sourceTree = "<group>"; };
		54EA4A8929F64B0C006E1DDE /* SwiftUIAppUITests.xctest */ = {isa = PBXFileReference; explicitFileType = wrapper.cfbundle; includeInIndex = 0; path = SwiftUIAppUITests.xctest; sourceTree = BUILT_PRODUCTS_DIR; };
		54EA4A8D29F64B0C006E1DDE /* SwiftUIAppUITests.swift */ = {isa = PBXFileReference; lastKnownFileType = sourcecode.swift; path = SwiftUIAppUITests.swift; sourceTree = "<group>"; };
		54EA4A8F29F64B0C006E1DDE /* SwiftUIAppUITestsLaunchTests.swift */ = {isa = PBXFileReference; lastKnownFileType = sourcecode.swift; path = SwiftUIAppUITestsLaunchTests.swift; sourceTree = "<group>"; };
/* End PBXFileReference section */

/* Begin PBXFrameworksBuildPhase section */
		54EA4A6C29F64B0B006E1DDE /* Frameworks */ = {
			isa = PBXFrameworksBuildPhase;
			buildActionMask = 2147483647;
			files = (
			);
			runOnlyForDeploymentPostprocessing = 0;
		};
		54EA4A7C29F64B0C006E1DDE /* Frameworks */ = {
			isa = PBXFrameworksBuildPhase;
			buildActionMask = 2147483647;
			files = (
			);
			runOnlyForDeploymentPostprocessing = 0;
		};
		54EA4A8629F64B0C006E1DDE /* Frameworks */ = {
			isa = PBXFrameworksBuildPhase;
			buildActionMask = 2147483647;
			files = (
			);
			runOnlyForDeploymentPostprocessing = 0;
		};
/* End PBXFrameworksBuildPhase section */

/* Begin PBXGroup section */
		54CEE2F62A5FDD2D002563A8 /* Views */ = {
			isa = PBXGroup;
			children = (
			);
			path = Views;
			sourceTree = "<group>";
		};
		54CEE2F72A600138002563A8 /* Model */ = {
			isa = PBXGroup;
			children = (
				54CEE2F82A600151002563A8 /* FileItem.swift */,
			);
			path = Model;
			sourceTree = "<group>";
		};
		54EA4A6629F64B0A006E1DDE = {
			isa = PBXGroup;
			children = (
				54EA4A7129F64B0B006E1DDE /* SwiftUIApp */,
				54EA4A8229F64B0C006E1DDE /* SwiftUIAppTests */,
				54EA4A8C29F64B0C006E1DDE /* SwiftUIAppUITests */,
				54EA4A7029F64B0B006E1DDE /* Products */,
			);
			sourceTree = "<group>";
		};
		54EA4A7029F64B0B006E1DDE /* Products */ = {
			isa = PBXGroup;
			children = (
				54EA4A6F29F64B0B006E1DDE /* SwiftUIApp.app */,
				54EA4A7F29F64B0C006E1DDE /* SwiftUIAppTests.xctest */,
				54EA4A8929F64B0C006E1DDE /* SwiftUIAppUITests.xctest */,
			);
			name = Products;
			sourceTree = "<group>";
		};
		54EA4A7129F64B0B006E1DDE /* SwiftUIApp */ = {
			isa = PBXGroup;
			children = (
				54CEE2F72A600138002563A8 /* Model */,
				54CEE2F62A5FDD2D002563A8 /* Views */,
				54B114D92A2A135300E9E34B /* Info.plist */,
				54EA4A7229F64B0B006E1DDE /* SwiftUIAppApp.swift */,
				54EA4A7429F64B0B006E1DDE /* ContentView.swift */,
				548BD0042A5FBC5F00E7BD8E /* SideMenuView.swift */,
				54CEE2F22A5FDD11002563A8 /* LogoutView.swift */,
				54CEE2F42A5FDD21002563A8 /* KeyView.swift */,
				54CEE2EE2A5FDCD6002563A8 /* DashboardView.swift */,
				54CEE2F02A5FDCE5002563A8 /* HelpView.swift */,
				54CEE2EC2A5FDCB6002563A8 /* HomeView.swift */,
				54EA4A7629F64B0C006E1DDE /* Assets.xcassets */,
				54EA4A7829F64B0C006E1DDE /* Preview Content */,
			);
			path = SwiftUIApp;
			sourceTree = "<group>";
		};
		54EA4A7829F64B0C006E1DDE /* Preview Content */ = {
			isa = PBXGroup;
			children = (
				54EA4A7929F64B0C006E1DDE /* Preview Assets.xcassets */,
			);
			path = "Preview Content";
			sourceTree = "<group>";
		};
		54EA4A8229F64B0C006E1DDE /* SwiftUIAppTests */ = {
			isa = PBXGroup;
			children = (
				54EA4A8329F64B0C006E1DDE /* SwiftUIAppTests.swift */,
			);
			path = SwiftUIAppTests;
			sourceTree = "<group>";
		};
		54EA4A8C29F64B0C006E1DDE /* SwiftUIAppUITests */ = {
			isa = PBXGroup;
			children = (
				54EA4A8D29F64B0C006E1DDE /* SwiftUIAppUITests.swift */,
				54EA4A8F29F64B0C006E1DDE /* SwiftUIAppUITestsLaunchTests.swift */,
			);
			path = SwiftUIAppUITests;
			sourceTree = "<group>";
		};
/* End PBXGroup section */

/* Begin PBXNativeTarget section */
		54EA4A6E29F64B0B006E1DDE /* SwiftUIApp */ = {
			isa = PBXNativeTarget;
			buildConfigurationList = 54EA4A9329F64B0C006E1DDE /* Build configuration list for PBXNativeTarget "SwiftUIApp" */;
			buildPhases = (
				54EA4A6B29F64B0B006E1DDE /* Sources */,
				54EA4A6C29F64B0B006E1DDE /* Frameworks */,
				54EA4A6D29F64B0B006E1DDE /* Resources */,
			);
			buildRules = (
			);
			dependencies = (
			);
			name = SwiftUIApp;
			productName = SwiftUIApp;
			productReference = 54EA4A6F29F64B0B006E1DDE /* SwiftUIApp.app */;
			productType = "com.apple.product-type.application";
		};
		54EA4A7E29F64B0C006E1DDE /* SwiftUIAppTests */ = {
			isa = PBXNativeTarget;
			buildConfigurationList = 54EA4A9629F64B0C006E1DDE /* Build configuration list for PBXNativeTarget "SwiftUIAppTests" */;
			buildPhases = (
				54EA4A7B29F64B0C006E1DDE /* Sources */,
				54EA4A7C29F64B0C006E1DDE /* Frameworks */,
				54EA4A7D29F64B0C006E1DDE /* Resources */,
			);
			buildRules = (
			);
			dependencies = (
				54EA4A8129F64B0C006E1DDE /* PBXTargetDependency */,
			);
			name = SwiftUIAppTests;
			productName = SwiftUIAppTests;
			productReference = 54EA4A7F29F64B0C006E1DDE /* SwiftUIAppTests.xctest */;
			productType = "com.apple.product-type.bundle.unit-test";
		};
		54EA4A8829F64B0C006E1DDE /* SwiftUIAppUITests */ = {
			isa = PBXNativeTarget;
			buildConfigurationList = 54EA4A9929F64B0C006E1DDE /* Build configuration list for PBXNativeTarget "SwiftUIAppUITests" */;
			buildPhases = (
				54EA4A8529F64B0C006E1DDE /* Sources */,
				54EA4A8629F64B0C006E1DDE /* Frameworks */,
				54EA4A8729F64B0C006E1DDE /* Resources */,
			);
			buildRules = (
			);
			dependencies = (
				54EA4A8B29F64B0C006E1DDE /* PBXTargetDependency */,
			);
			name = SwiftUIAppUITests;
			productName = SwiftUIAppUITests;
			productReference = 54EA4A8929F64B0C006E1DDE /* SwiftUIAppUITests.xctest */;
			productType = "com.apple.product-type.bundle.ui-testing";
		};
/* End PBXNativeTarget section */

/* Begin PBXProject section */
		54EA4A6729F64B0B006E1DDE /* Project object */ = {
			isa = PBXProject;
			attributes = {
				BuildIndependentTargetsInParallel = 1;
				LastSwiftUpdateCheck = 1420;
				LastUpgradeCheck = 1420;
				TargetAttributes = {
					54EA4A6E29F64B0B006E1DDE = {
						CreatedOnToolsVersion = 14.2;
					};
					54EA4A7E29F64B0C006E1DDE = {
						CreatedOnToolsVersion = 14.2;
						TestTargetID = 54EA4A6E29F64B0B006E1DDE;
					};
					54EA4A8829F64B0C006E1DDE = {
						CreatedOnToolsVersion = 14.2;
						TestTargetID = 54EA4A6E29F64B0B006E1DDE;
					};
				};
			};
			buildConfigurationList = 54EA4A6A29F64B0B006E1DDE /* Build configuration list for PBXProject "SwiftUIApp" */;
			compatibilityVersion = "Xcode 14.0";
			developmentRegion = en;
			hasScannedForEncodings = 0;
			knownRegions = (
				en,
				Base,
			);
			mainGroup = 54EA4A6629F64B0A006E1DDE;
			packageReferences = (
				54B114D82A2A12F500E9E34B /* XCRemoteSwiftPackageReference "NEKit" */,
			);
			productRefGroup = 54EA4A7029F64B0B006E1DDE /* Products */;
			projectDirPath = "";
			projectRoot = "";
			targets = (
				54EA4A6E29F64B0B006E1DDE /* SwiftUIApp */,
				54EA4A7E29F64B0C006E1DDE /* SwiftUIAppTests */,
				54EA4A8829F64B0C006E1DDE /* SwiftUIAppUITests */,
			);
		};
/* End PBXProject section */

/* Begin PBXResourcesBuildPhase section */
		54EA4A6D29F64B0B006E1DDE /* Resources */ = {
			isa = PBXResourcesBuildPhase;
			buildActionMask = 2147483647;
			files = (
				54EA4A7A29F64B0C006E1DDE /* Preview Assets.xcassets in Resources */,
				54EA4A7729F64B0C006E1DDE /* Assets.xcassets in Resources */,
			);
			runOnlyForDeploymentPostprocessing = 0;
		};
		54EA4A7D29F64B0C006E1DDE /* Resources */ = {
			isa = PBXResourcesBuildPhase;
			buildActionMask = 2147483647;
			files = (
			);
			runOnlyForDeploymentPostprocessing = 0;
		};
		54EA4A8729F64B0C006E1DDE /* Resources */ = {
			isa = PBXResourcesBuildPhase;
			buildActionMask = 2147483647;
			files = (
			);
			runOnlyForDeploymentPostprocessing = 0;
		};
/* End PBXResourcesBuildPhase section */

/* Begin PBXSourcesBuildPhase section */
		54EA4A6B29F64B0B006E1DDE /* Sources */ = {
			isa = PBXSourcesBuildPhase;
			buildActionMask = 2147483647;
			files = (
				548BD0052A5FBC5F00E7BD8E /* SideMenuView.swift in Sources */,
				54CEE2F92A600151002563A8 /* FileItem.swift in Sources */,
				54CEE2F12A5FDCE5002563A8 /* HelpView.swift in Sources */,
				54CEE2ED2A5FDCB6002563A8 /* HomeView.swift in Sources */,
				54CEE2EF2A5FDCD6002563A8 /* DashboardView.swift in Sources */,
				54CEE2F52A5FDD21002563A8 /* KeyView.swift in Sources */,
				54EA4A7529F64B0B006E1DDE /* ContentView.swift in Sources */,
				54CEE2F32A5FDD11002563A8 /* LogoutView.swift in Sources */,
				54EA4A7329F64B0B006E1DDE /* SwiftUIAppApp.swift in Sources */,
			);
			runOnlyForDeploymentPostprocessing = 0;
		};
		54EA4A7B29F64B0C006E1DDE /* Sources */ = {
			isa = PBXSourcesBuildPhase;
			buildActionMask = 2147483647;
			files = (
				54EA4A8429F64B0C006E1DDE /* SwiftUIAppTests.swift in Sources */,
			);
			runOnlyForDeploymentPostprocessing = 0;
		};
		54EA4A8529F64B0C006E1DDE /* Sources */ = {
			isa = PBXSourcesBuildPhase;
			buildActionMask = 2147483647;
			files = (
				54EA4A9029F64B0C006E1DDE /* SwiftUIAppUITestsLaunchTests.swift in Sources */,
				54EA4A8E29F64B0C006E1DDE /* SwiftUIAppUITests.swift in Sources */,
			);
			runOnlyForDeploymentPostprocessing = 0;
		};
/* End PBXSourcesBuildPhase section */

/* Begin PBXTargetDependency section */
		54EA4A8129F64B0C006E1DDE /* PBXTargetDependency */ = {
			isa = PBXTargetDependency;
			target = 54EA4A6E29F64B0B006E1DDE /* SwiftUIApp */;
			targetProxy = 54EA4A8029F64B0C006E1DDE /* PBXContainerItemProxy */;
		};
		54EA4A8B29F64B0C006E1DDE /* PBXTargetDependency */ = {
			isa = PBXTargetDependency;
			target = 54EA4A6E29F64B0B006E1DDE /* SwiftUIApp */;
			targetProxy = 54EA4A8A29F64B0C006E1DDE /* PBXContainerItemProxy */;
		};
/* End PBXTargetDependency section */

/* Begin XCBuildConfiguration section */
		54EA4A9129F64B0C006E1DDE /* Debug */ = {
			isa = XCBuildConfiguration;
			buildSettings = {
				ALWAYS_SEARCH_USER_PATHS = NO;
				CLANG_ANALYZER_NONNULL = YES;
				CLANG_ANALYZER_NUMBER_OBJECT_CONVERSION = YES_AGGRESSIVE;
				CLANG_CXX_LANGUAGE_STANDARD = "gnu++20";
				CLANG_ENABLE_MODULES = YES;
				CLANG_ENABLE_OBJC_ARC = YES;
				CLANG_ENABLE_OBJC_WEAK = YES;
				CLANG_WARN_BLOCK_CAPTURE_AUTORELEASING = YES;
				CLANG_WARN_BOOL_CONVERSION = YES;
				CLANG_WARN_COMMA = YES;
				CLANG_WARN_CONSTANT_CONVERSION = YES;
				CLANG_WARN_DEPRECATED_OBJC_IMPLEMENTATIONS = YES;
				CLANG_WARN_DIRECT_OBJC_ISA_USAGE = YES_ERROR;
				CLANG_WARN_DOCUMENTATION_COMMENTS = YES;
				CLANG_WARN_EMPTY_BODY = YES;
				CLANG_WARN_ENUM_CONVERSION = YES;
				CLANG_WARN_INFINITE_RECURSION = YES;
				CLANG_WARN_INT_CONVERSION = YES;
				CLANG_WARN_NON_LITERAL_NULL_CONVERSION = YES;
				CLANG_WARN_OBJC_IMPLICIT_RETAIN_SELF = YES;
				CLANG_WARN_OBJC_LITERAL_CONVERSION = YES;
				CLANG_WARN_OBJC_ROOT_CLASS = YES_ERROR;
				CLANG_WARN_QUOTED_INCLUDE_IN_FRAMEWORK_HEADER = YES;
				CLANG_WARN_RANGE_LOOP_ANALYSIS = YES;
				CLANG_WARN_STRICT_PROTOTYPES = YES;
				CLANG_WARN_SUSPICIOUS_MOVE = YES;
				CLANG_WARN_UNGUARDED_AVAILABILITY = YES_AGGRESSIVE;
				CLANG_WARN_UNREACHABLE_CODE = YES;
				CLANG_WARN__DUPLICATE_METHOD_MATCH = YES;
				COPY_PHASE_STRIP = NO;
				DEBUG_INFORMATION_FORMAT = dwarf;
				ENABLE_STRICT_OBJC_MSGSEND = YES;
				ENABLE_TESTABILITY = YES;
				GCC_C_LANGUAGE_STANDARD = gnu11;
				GCC_DYNAMIC_NO_PIC = NO;
				GCC_NO_COMMON_BLOCKS = YES;
				GCC_OPTIMIZATION_LEVEL = 0;
				GCC_PREPROCESSOR_DEFINITIONS = (
					"DEBUG=1",
					"$(inherited)",
				);
				GCC_WARN_64_TO_32_BIT_CONVERSION = YES;
				GCC_WARN_ABOUT_RETURN_TYPE = YES_ERROR;
				GCC_WARN_UNDECLARED_SELECTOR = YES;
				GCC_WARN_UNINITIALIZED_AUTOS = YES_AGGRESSIVE;
				GCC_WARN_UNUSED_FUNCTION = YES;
				GCC_WARN_UNUSED_VARIABLE = YES;
				IPHONEOS_DEPLOYMENT_TARGET = 16.2;
				MTL_ENABLE_DEBUG_INFO = INCLUDE_SOURCE;
				MTL_FAST_MATH = YES;
				ONLY_ACTIVE_ARCH = YES;
				SDKROOT = iphoneos;
				SWIFT_ACTIVE_COMPILATION_CONDITIONS = DEBUG;
				SWIFT_OPTIMIZATION_LEVEL = "-Onone";
			};
			name = Debug;
		};
		54EA4A9229F64B0C006E1DDE /* Release */ = {
			isa = XCBuildConfiguration;
			buildSettings = {
				ALWAYS_SEARCH_USER_PATHS = NO;
				CLANG_ANALYZER_NONNULL = YES;
				CLANG_ANALYZER_NUMBER_OBJECT_CONVERSION = YES_AGGRESSIVE;
				CLANG_CXX_LANGUAGE_STANDARD = "gnu++20";
				CLANG_ENABLE_MODULES = YES;
				CLANG_ENABLE_OBJC_ARC = YES;
				CLANG_ENABLE_OBJC_WEAK = YES;
				CLANG_WARN_BLOCK_CAPTURE_AUTORELEASING = YES;
				CLANG_WARN_BOOL_CONVERSION = YES;
				CLANG_WARN_COMMA = YES;
				CLANG_WARN_CONSTANT_CONVERSION = YES;
				CLANG_WARN_DEPRECATED_OBJC_IMPLEMENTATIONS = YES;
				CLANG_WARN_DIRECT_OBJC_ISA_USAGE = YES_ERROR;
				CLANG_WARN_DOCUMENTATION_COMMENTS = YES;
				CLANG_WARN_EMPTY_BODY = YES;
				CLANG_WARN_ENUM_CONVERSION = YES;
				CLANG_WARN_INFINITE_RECURSION = YES;
				CLANG_WARN_INT_CONVERSION = YES;
				CLANG_WARN_NON_LITERAL_NULL_CONVERSION = YES;
				CLANG_WARN_OBJC_IMPLICIT_RETAIN_SELF = YES;
				CLANG_WARN_OBJC_LITERAL_CONVERSION = YES;
				CLANG_WARN_OBJC_ROOT_CLASS = YES_ERROR;
				CLANG_WARN_QUOTED_INCLUDE_IN_FRAMEWORK_HEADER = YES;
				CLANG_WARN_RANGE_LOOP_ANALYSIS = YES;
				CLANG_WARN_STRICT_PROTOTYPES = YES;
				CLANG_WARN_SUSPICIOUS_MOVE = YES;
				CLANG_WARN_UNGUARDED_AVAILABILITY = YES_AGGRESSIVE;
				CLANG_WARN_UNREACHABLE_CODE = YES;
				CLANG_WARN__DUPLICATE_METHOD_MATCH = YES;
				COPY_PHASE_STRIP = NO;
				DEBUG_INFORMATION_FORMAT = "dwarf-with-dsym";
				ENABLE_NS_ASSERTIONS = NO;
				ENABLE_STRICT_OBJC_MSGSEND = YES;
				GCC_C_LANGUAGE_STANDARD = gnu11;
				GCC_NO_COMMON_BLOCKS = YES;
				GCC_WARN_64_TO_32_BIT_CONVERSION = YES;
				GCC_WARN_ABOUT_RETURN_TYPE = YES_ERROR;
				GCC_WARN_UNDECLARED_SELECTOR = YES;
				GCC_WARN_UNINITIALIZED_AUTOS = YES_AGGRESSIVE;
				GCC_WARN_UNUSED_FUNCTION = YES;
				GCC_WARN_UNUSED_VARIABLE = YES;
				IPHONEOS_DEPLOYMENT_TARGET = 16.2;
				MTL_ENABLE_DEBUG_INFO = NO;
				MTL_FAST_MATH = YES;
				SDKROOT = iphoneos;
				SWIFT_COMPILATION_MODE = wholemodule;
				SWIFT_OPTIMIZATION_LEVEL = "-O";
				VALIDATE_PRODUCT = YES;
			};
			name = Release;
		};
		54EA4A9429F64B0C006E1DDE /* Debug */ = {
			isa = XCBuildConfiguration;
			buildSettings = {
				ASSETCATALOG_COMPILER_APPICON_NAME = AppIcon;
				ASSETCATALOG_COMPILER_GLOBAL_ACCENT_COLOR_NAME = AccentColor;
				CODE_SIGN_STYLE = Automatic;
				CURRENT_PROJECT_VERSION = 1;
				DEVELOPMENT_ASSET_PATHS = "\"SwiftUIApp/Preview Content\"";
				DEVELOPMENT_TEAM = ANCZ566948;
				ENABLE_PREVIEWS = YES;
				GENERATE_INFOPLIST_FILE = YES;
				INFOPLIST_FILE = SwiftUIApp/Info.plist;
				INFOPLIST_KEY_UIApplicationSceneManifest_Generation = YES;
				INFOPLIST_KEY_UIApplicationSupportsIndirectInputEvents = YES;
				INFOPLIST_KEY_UILaunchScreen_Generation = YES;
				INFOPLIST_KEY_UISupportedInterfaceOrientations_iPad = "UIInterfaceOrientationPortrait UIInterfaceOrientationPortraitUpsideDown UIInterfaceOrientationLandscapeLeft UIInterfaceOrientationLandscapeRight";
				INFOPLIST_KEY_UISupportedInterfaceOrientations_iPhone = "UIInterfaceOrientationPortrait UIInterfaceOrientationLandscapeLeft UIInterfaceOrientationLandscapeRight";
				LD_RUNPATH_SEARCH_PATHS = (
					"$(inherited)",
					"@executable_path/Frameworks",
				);
				MARKETING_VERSION = 1.0;
				PRODUCT_BUNDLE_IDENTIFIER = com.adstringo.SwiftUIApp;
				PRODUCT_NAME = "$(TARGET_NAME)";
				SWIFT_EMIT_LOC_STRINGS = YES;
				SWIFT_VERSION = 5.0;
				TARGETED_DEVICE_FAMILY = "1,2";
			};
			name = Debug;
		};
		54EA4A9529F64B0C006E1DDE /* Release */ = {
			isa = XCBuildConfiguration;
			buildSettings = {
				ASSETCATALOG_COMPILER_APPICON_NAME = AppIcon;
				ASSETCATALOG_COMPILER_GLOBAL_ACCENT_COLOR_NAME = AccentColor;
				CODE_SIGN_STYLE = Automatic;
				CURRENT_PROJECT_VERSION = 1;
				DEVELOPMENT_ASSET_PATHS = "\"SwiftUIApp/Preview Content\"";
				DEVELOPMENT_TEAM = ANCZ566948;
				ENABLE_PREVIEWS = YES;
				GENERATE_INFOPLIST_FILE = YES;
				INFOPLIST_FILE = SwiftUIApp/Info.plist;
				INFOPLIST_KEY_UIApplicationSceneManifest_Generation = YES;
				INFOPLIST_KEY_UIApplicationSupportsIndirectInputEvents = YES;
				INFOPLIST_KEY_UILaunchScreen_Generation = YES;
				INFOPLIST_KEY_UISupportedInterfaceOrientations_iPad = "UIInterfaceOrientationPortrait UIInterfaceOrientationPortraitUpsideDown UIInterfaceOrientationLandscapeLeft UIInterfaceOrientationLandscapeRight";
				INFOPLIST_KEY_UISupportedInterfaceOrientations_iPhone = "UIInterfaceOrientationPortrait UIInterfaceOrientationLandscapeLeft UIInterfaceOrientationLandscapeRight";
				LD_RUNPATH_SEARCH_PATHS = (
					"$(inherited)",
					"@executable_path/Frameworks",
				);
				MARKETING_VERSION = 1.0;
				PRODUCT_BUNDLE_IDENTIFIER = com.adstringo.SwiftUIApp;
				PRODUCT_NAME = "$(TARGET_NAME)";
				SWIFT_EMIT_LOC_STRINGS = YES;
				SWIFT_VERSION = 5.0;
				TARGETED_DEVICE_FAMILY = "1,2";
			};
			name = Release;
		};
		54EA4A9729F64B0C006E1DDE /* Debug */ = {
			isa = XCBuildConfiguration;
			buildSettings = {
				ALWAYS_EMBED_SWIFT_STANDARD_LIBRARIES = YES;
				BUNDLE_LOADER = "$(TEST_HOST)";
				CODE_SIGN_STYLE = Automatic;
				CURRENT_PROJECT_VERSION = 1;
				DEVELOPMENT_TEAM = ANCZ566948;
				GENERATE_INFOPLIST_FILE = YES;
				IPHONEOS_DEPLOYMENT_TARGET = 16.2;
				MARKETING_VERSION = 1.0;
				PRODUCT_BUNDLE_IDENTIFIER = com.adstringo.SwiftUIAppTests;
				PRODUCT_NAME = "$(TARGET_NAME)";
				SWIFT_EMIT_LOC_STRINGS = NO;
				SWIFT_VERSION = 5.0;
				TARGETED_DEVICE_FAMILY = "1,2";
				TEST_HOST = "$(BUILT_PRODUCTS_DIR)/SwiftUIApp.app/$(BUNDLE_EXECUTABLE_FOLDER_PATH)/SwiftUIApp";
			};
			name = Debug;
		};
		54EA4A9829F64B0C006E1DDE /* Release */ = {
			isa = XCBuildConfiguration;
			buildSettings = {
				ALWAYS_EMBED_SWIFT_STANDARD_LIBRARIES = YES;
				BUNDLE_LOADER = "$(TEST_HOST)";
				CODE_SIGN_STYLE = Automatic;
				CURRENT_PROJECT_VERSION = 1;
				DEVELOPMENT_TEAM = ANCZ566948;
				GENERATE_INFOPLIST_FILE = YES;
				IPHONEOS_DEPLOYMENT_TARGET = 16.2;
				MARKETING_VERSION = 1.0;
				PRODUCT_BUNDLE_IDENTIFIER = com.adstringo.SwiftUIAppTests;
				PRODUCT_NAME = "$(TARGET_NAME)";
				SWIFT_EMIT_LOC_STRINGS = NO;
				SWIFT_VERSION = 5.0;
				TARGETED_DEVICE_FAMILY = "1,2";
				TEST_HOST = "$(BUILT_PRODUCTS_DIR)/SwiftUIApp.app/$(BUNDLE_EXECUTABLE_FOLDER_PATH)/SwiftUIApp";
			};
			name = Release;
		};
		54EA4A9A29F64B0C006E1DDE /* Debug */ = {
			isa = XCBuildConfiguration;
			buildSettings = {
				ALWAYS_EMBED_SWIFT_STANDARD_LIBRARIES = YES;
				CODE_SIGN_STYLE = Automatic;
				CURRENT_PROJECT_VERSION = 1;
				DEVELOPMENT_TEAM = ANCZ566948;
				GENERATE_INFOPLIST_FILE = YES;
				MARKETING_VERSION = 1.0;
				PRODUCT_BUNDLE_IDENTIFIER = com.adstringo.SwiftUIAppUITests;
				PRODUCT_NAME = "$(TARGET_NAME)";
				SWIFT_EMIT_LOC_STRINGS = NO;
				SWIFT_VERSION = 5.0;
				TARGETED_DEVICE_FAMILY = "1,2";
				TEST_TARGET_NAME = SwiftUIApp;
			};
			name = Debug;
		};
		54EA4A9B29F64B0C006E1DDE /* Release */ = {
			isa = XCBuildConfiguration;
			buildSettings = {
				ALWAYS_EMBED_SWIFT_STANDARD_LIBRARIES = YES;
				CODE_SIGN_STYLE = Automatic;
				CURRENT_PROJECT_VERSION = 1;
				DEVELOPMENT_TEAM = ANCZ566948;
				GENERATE_INFOPLIST_FILE = YES;
				MARKETING_VERSION = 1.0;
				PRODUCT_BUNDLE_IDENTIFIER = com.adstringo.SwiftUIAppUITests;
				PRODUCT_NAME = "$(TARGET_NAME)";
				SWIFT_EMIT_LOC_STRINGS = NO;
				SWIFT_VERSION = 5.0;
				TARGETED_DEVICE_FAMILY = "1,2";
				TEST_TARGET_NAME = SwiftUIApp;
			};
			name = Release;
		};
/* End XCBuildConfiguration section */

/* Begin XCConfigurationList section */
		54EA4A6A29F64B0B006E1DDE /* Build configuration list for PBXProject "SwiftUIApp" */ = {
			isa = XCConfigurationList;
			buildConfigurations = (
				54EA4A9129F64B0C006E1DDE /* Debug */,
				54EA4A9229F64B0C006E1DDE /* Release */,
			);
			defaultConfigurationIsVisible = 0;
			defaultConfigurationName = Release;
		};
		54EA4A9329F64B0C006E1DDE /* Build configuration list for PBXNativeTarget "SwiftUIApp" */ = {
			isa = XCConfigurationList;
			buildConfigurations = (
				54EA4A9429F64B0C006E1DDE /* Debug */,
				54EA4A9529F64B0C006E1DDE /* Release */,
			);
			defaultConfigurationIsVisible = 0;
			defaultConfigurationName = Release;
		};
		54EA4A9629F64B0C006E1DDE /* Build configuration list for PBXNativeTarget "SwiftUIAppTests" */ = {
			isa = XCConfigurationList;
			buildConfigurations = (
				54EA4A9729F64B0C006E1DDE /* Debug */,
				54EA4A9829F64B0C006E1DDE /* Release */,
			);
			defaultConfigurationIsVisible = 0;
			defaultConfigurationName = Release;
		};
		54EA4A9929F64B0C006E1DDE /* Build configuration list for PBXNativeTarget "SwiftUIAppUITests" */ = {
			isa = XCConfigurationList;
			buildConfigurations = (
				54EA4A9A29F64B0C006E1DDE /* Debug */,
				54EA4A9B29F64B0C006E1DDE /* Release */,
			);
			defaultConfigurationIsVisible = 0;
			defaultConfigurationName = Release;
		};
/* End XCConfigurationList section */

/* Begin XCRemoteSwiftPackageReference section */
		54B114D82A2A12F500E9E34B /* XCRemoteSwiftPackageReference "NEKit" */ = {
			isa = XCRemoteSwiftPackageReference;
			repositoryURL = "https://github.com/tospery/NEKit.git";
			requirement = {
				kind = upToNextMajorVersion;
				minimumVersion = 0.0.4;
			};
		};
/* End XCRemoteSwiftPackageReference section */
	};
	rootObject = 54EA4A6729F64B0B006E1DDE /* Project object */;
}
